
Microsoft Visual Studio Solution File, Format Version 12.00
# Visual Studio Version 16
VisualStudioVersion = 16.0.30225.117
MinimumVisualStudioVersion = 10.0.40219.1
Project("{FAE04EC0-301F-11D3-BF4B-00C04F79EFBC}") = "WebAPITest", "WebAPITest\WebAPITest.csproj", "{310E3970-D43C-4B11-8A26-7D8E74574DE6}"
EndProject
Global
	GlobalSection(SolutionConfigurationPlatforms) = preSolution
		Debug|Any CPU = Debug|Any CPU
		Release|Any CPU = Release|Any CPU
	EndGlobalSection
	GlobalSection(ProjectConfigurationPlatforms) = postSolution
		{310E3970-D43C-4B11-8A26-7D8E74574DE6}.Debug|Any CPU.ActiveCfg = Debug|Any CPU
		{310E3970-D43C-4B11-8A26-7D8E74574DE6}.Debug|Any CPU.Build.0 = Debug|Any CPU
		{310E3970-D43C-4B11-8A26-7D8E74574DE6}.Release|Any CPU.ActiveCfg = Release|Any CPU
		{310E3970-D43C-4B11-8A26-7D8E74574DE6}.Release|Any CPU.Build.0 = Release|Any CPU
	EndGlobalSection
	GlobalSection(SolutionProperties) = preSolution
		HideSolutionNode = FALSE
	EndGlobalSection
	GlobalSection(ExtensibilityGlobals) = postSolution
		SolutionGuid = {5FAAD5A0-5FE4-42E9-BBE0-3949C239D310}
	EndGlobalSection
EndGlobal
